
Microsoft Visual Studio Solution File, Format Version 12.00
Project("{FAE04EC0-301F-11D3-BF4B-00C04F79EFBC}") = "Covid19Dashboard", "Covid19Dashboard\Covid19Dashboard.csproj", "{DC7495C8-ED99-480C-8E27-C308B25B3152}"
EndProject
Project("{FAE04EC0-301F-11D3-BF4B-00C04F79EFBC}") = "Reble.RKIWebService", "..\RKIWebService\Reble.RKIWebService.csproj", "{81425D03-AB5A-47D0-AFB2-1B5D59F7B171}"
EndProject
Global
	GlobalSection(SolutionConfigurationPlatforms) = preSolution
		Debug|Any CPU = Debug|Any CPU
		Release|Any CPU = Release|Any CPU
	EndGlobalSection
	GlobalSection(ProjectConfigurationPlatforms) = postSolution
		{DC7495C8-ED99-480C-8E27-C308B25B3152}.Debug|Any CPU.ActiveCfg = Debug|Any CPU
		{DC7495C8-ED99-480C-8E27-C308B25B3152}.Debug|Any CPU.Build.0 = Debug|Any CPU
		{DC7495C8-ED99-480C-8E27-C308B25B3152}.Release|Any CPU.ActiveCfg = Release|Any CPU
		{DC7495C8-ED99-480C-8E27-C308B25B3152}.Release|Any CPU.Build.0 = Release|Any CPU
		{81425D03-AB5A-47D0-AFB2-1B5D59F7B171}.Debug|Any CPU.ActiveCfg = Debug|Any CPU
		{81425D03-AB5A-47D0-AFB2-1B5D59F7B171}.Debug|Any CPU.Build.0 = Debug|Any CPU
		{81425D03-AB5A-47D0-AFB2-1B5D59F7B171}.Release|Any CPU.ActiveCfg = Release|Any CPU
		{81425D03-AB5A-47D0-AFB2-1B5D59F7B171}.Release|Any CPU.Build.0 = Release|Any CPU
	EndGlobalSection
EndGlobal
